
Microsoft Visual Studio Solution File, Format Version 12.00
# Visual Studio Version 17
VisualStudioVersion = 17.8.34330.188
MinimumVisualStudioVersion = 10.0.40219.1
Project("{FAE04EC0-301F-11D3-BF4B-00C04F79EFBC}") = "projectclass", "projectclass.csproj", "{AB71D6C8-26F4-4465-9467-90DE1DE86DEA}"
EndProject
Global
	GlobalSection(SolutionConfigurationPlatforms) = preSolution
		Debug|Any CPU = Debug|Any CPU
		Release|Any CPU = Release|Any CPU
	EndGlobalSection
	GlobalSection(ProjectConfigurationPlatforms) = postSolution
		{AB71D6C8-26F4-4465-9467-90DE1DE86DEA}.Debug|Any CPU.ActiveCfg = Debug|Any CPU
		{AB71D6C8-26F4-4465-9467-90DE1DE86DEA}.Debug|Any CPU.Build.0 = Debug|Any CPU
		{AB71D6C8-26F4-4465-9467-90DE1DE86DEA}.Release|Any CPU.ActiveCfg = Release|Any CPU
		{AB71D6C8-26F4-4465-9467-90DE1DE86DEA}.Release|Any CPU.Build.0 = Release|Any CPU
	EndGlobalSection
	GlobalSection(SolutionProperties) = preSolution
		HideSolutionNode = FALSE
	EndGlobalSection
	GlobalSection(ExtensibilityGlobals) = postSolution
		SolutionGuid = {3312EDCF-36B9-4552-8054-C76FF1FF82D9}
	EndGlobalSection
EndGlobal
